// !$*UTF8*$!
{
	archiveVersion = 1;
	classes = {
	};
	objectVersion = 48;
	objects = {

/* Begin PBXBuildFile section */
		2446AF162087363200960EC9 /* DataModel.swift in Sources */ = {isa = PBXBuildFile; fileRef = 2446AF152087363200960EC9 /* DataModel.swift */; };
		245DE479209244E5003C102F /* SearchViewController.swift in Sources */ = {isa = PBXBuildFile; fileRef = 245DE478209244E5003C102F /* SearchViewController.swift */; };
		245DE47D209244FA003C102F /* Date+ISO8601.swift in Sources */ = {isa = PBXBuildFile; fileRef = 245DE47C209244FA003C102F /* Date+ISO8601.swift */; };
		245DE47F209247BD003C102F /* ResultsTableViewController.swift in Sources */ = {isa = PBXBuildFile; fileRef = 245DE47E209247BD003C102F /* ResultsTableViewController.swift */; };
		247247C02084B7E0007FFD83 /* AppDelegate.swift in Sources */ = {isa = PBXBuildFile; fileRef = 247247BF2084B7E0007FFD83 /* AppDelegate.swift */; };
		247247C52084B7E0007FFD83 /* Main.storyboard in Resources */ = {isa = PBXBuildFile; fileRef = 247247C32084B7E0007FFD83 /* Main.storyboard */; };
		247247C72084B7E0007FFD83 /* Assets.xcassets in Resources */ = {isa = PBXBuildFile; fileRef = 247247C62084B7E0007FFD83 /* Assets.xcassets */; };
		247247CA2084B7E0007FFD83 /* LaunchScreen.storyboard in Resources */ = {isa = PBXBuildFile; fileRef = 247247C82084B7E0007FFD83 /* LaunchScreen.storyboard */; };
		722164FE209226B900CEC669 /* CustomTableViewCell.swift in Sources */ = {isa = PBXBuildFile; fileRef = 722164FD209226B900CEC669 /* CustomTableViewCell.swift */; };
		72FC03DE208601C400EFEA55 /* WebViewController.swift in Sources */ = {isa = PBXBuildFile; fileRef = 72FC03DD208601C400EFEA55 /* WebViewController.swift */; };
/* End PBXBuildFile section */

/* Begin PBXFileReference section */
		2446AF152087363200960EC9 /* DataModel.swift */ = {isa = PBXFileReference; fileEncoding = 4; lastKnownFileType = sourcecode.swift; path = DataModel.swift; sourceTree = "<group>"; };
		245DE478209244E5003C102F /* SearchViewController.swift */ = {isa = PBXFileReference; fileEncoding = 4; lastKnownFileType = sourcecode.swift; path = SearchViewController.swift; sourceTree = "<group>"; };
		245DE47C209244FA003C102F /* Date+ISO8601.swift */ = {isa = PBXFileReference; fileEncoding = 4; lastKnownFileType = sourcecode.swift; path = "Date+ISO8601.swift"; sourceTree = "<group>"; };
		245DE47E209247BD003C102F /* ResultsTableViewController.swift */ = {isa = PBXFileReference; lastKnownFileType = sourcecode.swift; path = ResultsTableViewController.swift; sourceTree = "<group>"; };
		247247BC2084B7E0007FFD83 /* GitMeAJob.app */ = {isa = PBXFileReference; explicitFileType = wrapper.application; includeInIndex = 0; path = GitMeAJob.app; sourceTree = BUILT_PRODUCTS_DIR; };
		247247BF2084B7E0007FFD83 /* AppDelegate.swift */ = {isa = PBXFileReference; lastKnownFileType = sourcecode.swift; path = AppDelegate.swift; sourceTree = "<group>"; };
		247247C42084B7E0007FFD83 /* Base */ = {isa = PBXFileReference; lastKnownFileType = file.storyboard; name = Base; path = Base.lproj/Main.storyboard; sourceTree = "<group>"; };
		247247C62084B7E0007FFD83 /* Assets.xcassets */ = {isa = PBXFileReference; lastKnownFileType = folder.assetcatalog; path = Assets.xcassets; sourceTree = "<group>"; };
		247247C92084B7E0007FFD83 /* Base */ = {isa = PBXFileReference; lastKnownFileType = file.storyboard; name = Base; path = Base.lproj/LaunchScreen.storyboard; sourceTree = "<group>"; };
		247247CB2084B7E0007FFD83 /* Info.plist */ = {isa = PBXFileReference; lastKnownFileType = text.plist.xml; path = Info.plist; sourceTree = "<group>"; };
		722164FD209226B900CEC669 /* CustomTableViewCell.swift */ = {isa = PBXFileReference; lastKnownFileType = sourcecode.swift; path = CustomTableViewCell.swift; sourceTree = "<group>"; };
		72FC03DD208601C400EFEA55 /* WebViewController.swift */ = {isa = PBXFileReference; lastKnownFileType = sourcecode.swift; path = WebViewController.swift; sourceTree = "<group>"; };
/* End PBXFileReference section */

/* Begin PBXFrameworksBuildPhase section */
		247247B92084B7E0007FFD83 /* Frameworks */ = {
			isa = PBXFrameworksBuildPhase;
			buildActionMask = 2147483647;
			files = (
			);
			runOnlyForDeploymentPostprocessing = 0;
		};
/* End PBXFrameworksBuildPhase section */

/* Begin PBXGroup section */
		247247B32084B7E0007FFD83 = {
			isa = PBXGroup;
			children = (
				247247BE2084B7E0007FFD83 /* GitMeAJob */,
				247247BD2084B7E0007FFD83 /* Products */,
			);
			sourceTree = "<group>";
		};
		247247BD2084B7E0007FFD83 /* Products */ = {
			isa = PBXGroup;
			children = (
				247247BC2084B7E0007FFD83 /* GitMeAJob.app */,
			);
			name = Products;
			sourceTree = "<group>";
		};
		247247BE2084B7E0007FFD83 /* GitMeAJob */ = {
			isa = PBXGroup;
			children = (
				247247BF2084B7E0007FFD83 /* AppDelegate.swift */,
				245DE478209244E5003C102F /* SearchViewController.swift */,
				245DE47E209247BD003C102F /* ResultsTableViewController.swift */,
				72FC03DD208601C400EFEA55 /* WebViewController.swift */,
				722164FD209226B900CEC669 /* CustomTableViewCell.swift */,
				2446AF152087363200960EC9 /* DataModel.swift */,
				245DE47C209244FA003C102F /* Date+ISO8601.swift */,
				247247C32084B7E0007FFD83 /* Main.storyboard */,
				247247C62084B7E0007FFD83 /* Assets.xcassets */,
				247247C82084B7E0007FFD83 /* LaunchScreen.storyboard */,
				247247CB2084B7E0007FFD83 /* Info.plist */,
			);
			path = GitMeAJob;
			sourceTree = "<group>";
		};
/* End PBXGroup section */

/* Begin PBXNativeTarget section */
		247247BB2084B7E0007FFD83 /* GitMeAJob */ = {
			isa = PBXNativeTarget;
			buildConfigurationList = 247247CE2084B7E0007FFD83 /* Build configuration list for PBXNativeTarget "GitMeAJob" */;
			buildPhases = (
				247247B82084B7E0007FFD83 /* Sources */,
				247247B92084B7E0007FFD83 /* Frameworks */,
				247247BA2084B7E0007FFD83 /* Resources */,
			);
			buildRules = (
			);
			dependencies = (
			);
			name = GitMeAJob;
			productName = GitMeAJob;
			productReference = 247247BC2084B7E0007FFD83 /* GitMeAJob.app */;
			productType = "com.apple.product-type.application";
		};
/* End PBXNativeTarget section */

/* Begin PBXProject section */
		247247B42084B7E0007FFD83 /* Project object */ = {
			isa = PBXProject;
			attributes = {
				LastSwiftUpdateCheck = 0920;
				LastUpgradeCheck = 0920;
				ORGANIZATIONNAME = "Alvar Aronija";
				TargetAttributes = {
					247247BB2084B7E0007FFD83 = {
						CreatedOnToolsVersion = 9.2;
						ProvisioningStyle = Automatic;
					};
				};
			};
			buildConfigurationList = 247247B72084B7E0007FFD83 /* Build configuration list for PBXProject "GitMeAJob" */;
			compatibilityVersion = "Xcode 8.0";
			developmentRegion = en;
			hasScannedForEncodings = 0;
			knownRegions = (
				en,
				Base,
			);
			mainGroup = 247247B32084B7E0007FFD83;
			productRefGroup = 247247BD2084B7E0007FFD83 /* Products */;
			projectDirPath = "";
			projectRoot = "";
			targets = (
				247247BB2084B7E0007FFD83 /* GitMeAJob */,
			);
		};
/* End PBXProject section */

/* Begin PBXResourcesBuildPhase section */
		247247BA2084B7E0007FFD83 /* Resources */ = {
			isa = PBXResourcesBuildPhase;
			buildActionMask = 2147483647;
			files = (
				247247CA2084B7E0007FFD83 /* LaunchScreen.storyboard in Resources */,
				247247C72084B7E0007FFD83 /* Assets.xcassets in Resources */,
				247247C52084B7E0007FFD83 /* Main.storyboard in Resources */,
			);
			runOnlyForDeploymentPostprocessing = 0;
		};
/* End PBXResourcesBuildPhase section */

/* Begin PBXSourcesBuildPhase section */
		247247B82084B7E0007FFD83 /* Sources */ = {
			isa = PBXSourcesBuildPhase;
			buildActionMask = 2147483647;
			files = (
				245DE47F209247BD003C102F /* ResultsTableViewController.swift in Sources */,
				245DE47D209244FA003C102F /* Date+ISO8601.swift in Sources */,
				245DE479209244E5003C102F /* SearchViewController.swift in Sources */,
				722164FE209226B900CEC669 /* CustomTableViewCell.swift in Sources */,
				72FC03DE208601C400EFEA55 /* WebViewController.swift in Sources */,
				247247C02084B7E0007FFD83 /* AppDelegate.swift in Sources */,
				2446AF162087363200960EC9 /* DataModel.swift in Sources */,
			);
			runOnlyForDeploymentPostprocessing = 0;
		};
/* End PBXSourcesBuildPhase section */

/* Begin PBXVariantGroup section */
		247247C32084B7E0007FFD83 /* Main.storyboard */ = {
			isa = PBXVariantGroup;
			children = (
				247247C42084B7E0007FFD83 /* Base */,
			);
			name = Main.storyboard;
			sourceTree = "<group>";
		};
		247247C82084B7E0007FFD83 /* LaunchScreen.storyboard */ = {
			isa = PBXVariantGroup;
			children = (
				247247C92084B7E0007FFD83 /* Base */,
			);
			name = LaunchScreen.storyboard;
			sourceTree = "<group>";
		};
/* End PBXVariantGroup section */

/* Begin XCBuildConfiguration section */
		247247CC2084B7E0007FFD83 /* Debug */ = {
			isa = XCBuildConfiguration;
			buildSettings = {
				ALWAYS_SEARCH_USER_PATHS = NO;
				CLANG_ANALYZER_NONNULL = YES;
				CLANG_ANALYZER_NUMBER_OBJECT_CONVERSION = YES_AGGRESSIVE;
				CLANG_CXX_LANGUAGE_STANDARD = "gnu++14";
				CLANG_CXX_LIBRARY = "libc++";
				CLANG_ENABLE_MODULES = YES;
				CLANG_ENABLE_OBJC_ARC = YES;
				CLANG_WARN_BLOCK_CAPTURE_AUTORELEASING = YES;
				CLANG_WARN_BOOL_CONVERSION = YES;
				CLANG_WARN_COMMA = YES;
				CLANG_WARN_CONSTANT_CONVERSION = YES;
				CLANG_WARN_DIRECT_OBJC_ISA_USAGE = YES_ERROR;
				CLANG_WARN_DOCUMENTATION_COMMENTS = YES;
				CLANG_WARN_EMPTY_BODY = YES;
				CLANG_WARN_ENUM_CONVERSION = YES;
				CLANG_WARN_INFINITE_RECURSION = YES;
				CLANG_WARN_INT_CONVERSION = YES;
				CLANG_WARN_NON_LITERAL_NULL_CONVERSION = YES;
				CLANG_WARN_OBJC_LITERAL_CONVERSION = YES;
				CLANG_WARN_OBJC_ROOT_CLASS = YES_ERROR;
				CLANG_WARN_RANGE_LOOP_ANALYSIS = YES;
				CLANG_WARN_STRICT_PROTOTYPES = YES;
				CLANG_WARN_SUSPICIOUS_MOVE = YES;
				CLANG_WARN_UNGUARDED_AVAILABILITY = YES_AGGRESSIVE;
				CLANG_WARN_UNREACHABLE_CODE = YES;
				CLANG_WARN__DUPLICATE_METHOD_MATCH = YES;
				CODE_SIGN_IDENTITY = "iPhone Developer";
				COPY_PHASE_STRIP = NO;
				DEBUG_INFORMATION_FORMAT = dwarf;
				ENABLE_STRICT_OBJC_MSGSEND = YES;
				ENABLE_TESTABILITY = YES;
				GCC_C_LANGUAGE_STANDARD = gnu11;
				GCC_DYNAMIC_NO_PIC = NO;
				GCC_NO_COMMON_BLOCKS = YES;
				GCC_OPTIMIZATION_LEVEL = 0;
				GCC_PREPROCESSOR_DEFINITIONS = (
					"DEBUG=1",
					"$(inherited)",
				);
				GCC_WARN_64_TO_32_BIT_CONVERSION = YES;
				GCC_WARN_ABOUT_RETURN_TYPE = YES_ERROR;
				GCC_WARN_UNDECLARED_SELECTOR = YES;
				GCC_WARN_UNINITIALIZED_AUTOS = YES_AGGRESSIVE;
				GCC_WARN_UNUSED_FUNCTION = YES;
				GCC_WARN_UNUSED_VARIABLE = YES;
				IPHONEOS_DEPLOYMENT_TARGET = 11.2;
				MTL_ENABLE_DEBUG_INFO = YES;
				ONLY_ACTIVE_ARCH = YES;
				SDKROOT = iphoneos;
				SWIFT_ACTIVE_COMPILATION_CONDITIONS = DEBUG;
				SWIFT_OPTIMIZATION_LEVEL = "-Onone";
			};
			name = Debug;
		};
		247247CD2084B7E0007FFD83 /* Release */ = {
			isa = XCBuildConfiguration;
			buildSettings = {
				ALWAYS_SEARCH_USER_PATHS = NO;
				CLANG_ANALYZER_NONNULL = YES;
				CLANG_ANALYZER_NUMBER_OBJECT_CONVERSION = YES_AGGRESSIVE;
				CLANG_CXX_LANGUAGE_STANDARD = "gnu++14";
				CLANG_CXX_LIBRARY = "libc++";
				CLANG_ENABLE_MODULES = YES;
				CLANG_ENABLE_OBJC_ARC = YES;
				CLANG_WARN_BLOCK_CAPTURE_AUTORELEASING = YES;
				CLANG_WARN_BOOL_CONVERSION = YES;
				CLANG_WARN_COMMA = YES;
				CLANG_WARN_CONSTANT_CONVERSION = YES;
				CLANG_WARN_DIRECT_OBJC_ISA_USAGE = YES_ERROR;
				CLANG_WARN_DOCUMENTATION_COMMENTS = YES;
				CLANG_WARN_EMPTY_BODY = YES;
				CLANG_WARN_ENUM_CONVERSION = YES;
				CLANG_WARN_INFINITE_RECURSION = YES;
				CLANG_WARN_INT_CONVERSION = YES;
				CLANG_WARN_NON_LITERAL_NULL_CONVERSION = YES;
				CLANG_WARN_OBJC_LITERAL_CONVERSION = YES;
				CLANG_WARN_OBJC_ROOT_CLASS = YES_ERROR;
				CLANG_WARN_RANGE_LOOP_ANALYSIS = YES;
				CLANG_WARN_STRICT_PROTOTYPES = YES;
				CLANG_WARN_SUSPICIOUS_MOVE = YES;
				CLANG_WARN_UNGUARDED_AVAILABILITY = YES_AGGRESSIVE;
				CLANG_WARN_UNREACHABLE_CODE = YES;
				CLANG_WARN__DUPLICATE_METHOD_MATCH = YES;
				CODE_SIGN_IDENTITY = "iPhone Developer";
				COPY_PHASE_STRIP = NO;
				DEBUG_INFORMATION_FORMAT = "dwarf-with-dsym";
				ENABLE_NS_ASSERTIONS = NO;
				ENABLE_STRICT_OBJC_MSGSEND = YES;
				GCC_C_LANGUAGE_STANDARD = gnu11;
				GCC_NO_COMMON_BLOCKS = YES;
				GCC_WARN_64_TO_32_BIT_CONVERSION = YES;
				GCC_WARN_ABOUT_RETURN_TYPE = YES_ERROR;
				GCC_WARN_UNDECLARED_SELECTOR = YES;
				GCC_WARN_UNINITIALIZED_AUTOS = YES_AGGRESSIVE;
				GCC_WARN_UNUSED_FUNCTION = YES;
				GCC_WARN_UNUSED_VARIABLE = YES;
				IPHONEOS_DEPLOYMENT_TARGET = 11.2;
				MTL_ENABLE_DEBUG_INFO = NO;
				SDKROOT = iphoneos;
				SWIFT_OPTIMIZATION_LEVEL = "-Owholemodule";
				VALIDATE_PRODUCT = YES;
			};
			name = Release;
		};
		247247CF2084B7E0007FFD83 /* Debug */ = {
			isa = XCBuildConfiguration;
			buildSettings = {
				ASSETCATALOG_COMPILER_APPICON_NAME = AppIcon;
				CODE_SIGN_STYLE = Automatic;
				INFOPLIST_FILE = GitMeAJob/Info.plist;
				LD_RUNPATH_SEARCH_PATHS = "$(inherited) @executable_path/Frameworks";
				PRODUCT_BUNDLE_IDENTIFIER = AA.GitMeAJob;
				PRODUCT_NAME = "$(TARGET_NAME)";
				SWIFT_VERSION = 4.0;
				TARGETED_DEVICE_FAMILY = "1,2";
			};
			name = Debug;
		};
		247247D02084B7E0007FFD83 /* Release */ = {
			isa = XCBuildConfiguration;
			buildSettings = {
				ASSETCATALOG_COMPILER_APPICON_NAME = AppIcon;
				CODE_SIGN_STYLE = Automatic;
				INFOPLIST_FILE = GitMeAJob/Info.plist;
				LD_RUNPATH_SEARCH_PATHS = "$(inherited) @executable_path/Frameworks";
				PRODUCT_BUNDLE_IDENTIFIER = AA.GitMeAJob;
				PRODUCT_NAME = "$(TARGET_NAME)";
				SWIFT_VERSION = 4.0;
				TARGETED_DEVICE_FAMILY = "1,2";
			};
			name = Release;
		};
/* End XCBuildConfiguration section */

/* Begin XCConfigurationList section */
		247247B72084B7E0007FFD83 /* Build configuration list for PBXProject "GitMeAJob" */ = {
			isa = XCConfigurationList;
			buildConfigurations = (
				247247CC2084B7E0007FFD83 /* Debug */,
				247247CD2084B7E0007FFD83 /* Release */,
			);
			defaultConfigurationIsVisible = 0;
			defaultConfigurationName = Release;
		};
		247247CE2084B7E0007FFD83 /* Build configuration list for PBXNativeTarget "GitMeAJob" */ = {
			isa = XCConfigurationList;
			buildConfigurations = (
				247247CF2084B7E0007FFD83 /* Debug */,
				247247D02084B7E0007FFD83 /* Release */,
			);
			defaultConfigurationIsVisible = 0;
			defaultConfigurationName = Release;
		};
/* End XCConfigurationList section */
	};
	rootObject = 247247B42084B7E0007FFD83 /* Project object */;
}
